
Microsoft Visual Studio Solution File, Format Version 11.00
# Visual Studio 2010
Project("{FAE04EC0-301F-11D3-BF4B-00C04F79EFBC}") = "Facebook.Extensions.Tasks", "Facebook.Extensions.Tasks\Facebook.Extensions.Tasks.csproj", "{611B4808-AEF1-48C3-8EC9-4F6C4E195A31}"
EndProject
Global
	GlobalSection(SolutionConfigurationPlatforms) = preSolution
		Debug|Any CPU = Debug|Any CPU
		Release|Any CPU = Release|Any CPU
	EndGlobalSection
	GlobalSection(ProjectConfigurationPlatforms) = postSolution
		{611B4808-AEF1-48C3-8EC9-4F6C4E195A31}.Debug|Any CPU.ActiveCfg = Debug|Any CPU
		{611B4808-AEF1-48C3-8EC9-4F6C4E195A31}.Debug|Any CPU.Build.0 = Debug|Any CPU
		{611B4808-AEF1-48C3-8EC9-4F6C4E195A31}.Release|Any CPU.ActiveCfg = Release|Any CPU
		{611B4808-AEF1-48C3-8EC9-4F6C4E195A31}.Release|Any CPU.Build.0 = Release|Any CPU
	EndGlobalSection
	GlobalSection(SolutionProperties) = preSolution
		HideSolutionNode = FALSE
	EndGlobalSection
EndGlobal
